
Microsoft Visual Studio Solution File, Format Version 12.00
# Visual Studio Version 18
VisualStudioVersion = 18.5.11716.220
MinimumVisualStudioVersion = 10.0.40219.1
Project("{2150E333-8FDC-42A3-9474-1A3956D46DE8}") = "Solution Items", "Solution Items", "{2AC40029-1FEA-4295-A5F4-4D0E5976BA1F}"
	ProjectSection(SolutionItems) = preProject
		.editorconfig = .editorconfig
		.gitignore = .gitignore
		README.md = README.md
		RuleSet1.ruleset = RuleSet1.ruleset
	EndProjectSection
EndProject
Project("{FAE04EC0-301F-11D3-BF4B-00C04F79EFBC}") = "ArchitectCentral.AgentStudio", "src\ArchitectCentral.AgentStudio\ArchitectCentral.AgentStudio.csproj", "{8B89E9F1-CBCE-4A27-6684-8435971E5460}"
EndProject
Project("{FAE04EC0-301F-11D3-BF4B-00C04F79EFBC}") = "ArchitectCentral.AppHost", "src\ArchitectCentral.AppHost\ArchitectCentral.AppHost.csproj", "{87E661BE-043E-EB88-A441-647E02031B15}"
EndProject
Project("{FAE04EC0-301F-11D3-BF4B-00C04F79EFBC}") = "ArchitectCentral.KnowledgebaseVectoriser", "src\KnowledgebaseVectoriser\ArchitectCentral.KnowledgebaseVectoriser.csproj", "{41B5D559-3D32-4910-CFAE-0ED561861E1F}"
EndProject
Project("{FAE04EC0-301F-11D3-BF4B-00C04F79EFBC}") = "ArchitectCentral.ServiceDefaults", "src\ArchitectCentral.ServiceDefaults\ArchitectCentral.ServiceDefaults.csproj", "{3355D5C6-AB30-74DA-6F23-BEF58087D5FB}"
EndProject
Global
	GlobalSection(SolutionConfigurationPlatforms) = preSolution
		Debug|Any CPU = Debug|Any CPU
		Release|Any CPU = Release|Any CPU
	EndGlobalSection
	GlobalSection(ProjectConfigurationPlatforms) = postSolution
		{8B89E9F1-CBCE-4A27-6684-8435971E5460}.Debug|Any CPU.ActiveCfg = Debug|Any CPU
		{8B89E9F1-CBCE-4A27-6684-8435971E5460}.Debug|Any CPU.Build.0 = Debug|Any CPU
		{8B89E9F1-CBCE-4A27-6684-8435971E5460}.Release|Any CPU.ActiveCfg = Release|Any CPU
		{8B89E9F1-CBCE-4A27-6684-8435971E5460}.Release|Any CPU.Build.0 = Release|Any CPU
		{87E661BE-043E-EB88-A441-647E02031B15}.Debug|Any CPU.ActiveCfg = Debug|Any CPU
		{87E661BE-043E-EB88-A441-647E02031B15}.Debug|Any CPU.Build.0 = Debug|Any CPU
		{87E661BE-043E-EB88-A441-647E02031B15}.Release|Any CPU.ActiveCfg = Release|Any CPU
		{87E661BE-043E-EB88-A441-647E02031B15}.Release|Any CPU.Build.0 = Release|Any CPU
		{41B5D559-3D32-4910-CFAE-0ED561861E1F}.Debug|Any CPU.ActiveCfg = Debug|Any CPU
		{41B5D559-3D32-4910-CFAE-0ED561861E1F}.Debug|Any CPU.Build.0 = Debug|Any CPU
		{41B5D559-3D32-4910-CFAE-0ED561861E1F}.Release|Any CPU.ActiveCfg = Release|Any CPU
		{41B5D559-3D32-4910-CFAE-0ED561861E1F}.Release|Any CPU.Build.0 = Release|Any CPU
		{3355D5C6-AB30-74DA-6F23-BEF58087D5FB}.Debug|Any CPU.ActiveCfg = Debug|Any CPU
		{3355D5C6-AB30-74DA-6F23-BEF58087D5FB}.Debug|Any CPU.Build.0 = Debug|Any CPU
		{3355D5C6-AB30-74DA-6F23-BEF58087D5FB}.Release|Any CPU.ActiveCfg = Release|Any CPU
		{3355D5C6-AB30-74DA-6F23-BEF58087D5FB}.Release|Any CPU.Build.0 = Release|Any CPU
	EndGlobalSection
	GlobalSection(SolutionProperties) = preSolution
		HideSolutionNode = FALSE
	EndGlobalSection
	GlobalSection(ExtensibilityGlobals) = postSolution
		SolutionGuid = {44D60492-BF9B-4C2D-B7AA-B8F122FCFEA8}
	EndGlobalSection
EndGlobal
